
Microsoft Visual Studio Solution File, Format Version 12.00
# Visual Studio Version 17
VisualStudioVersion = 17.14.36109.1 d17.14
MinimumVisualStudioVersion = 10.0.40219.1
Project("{FAE04EC0-301F-11D3-BF4B-00C04F79EFBC}") = "OOP1", "OOP1\OOP1.csproj", "{4EF0D7E4-7FC7-470B-995D-F75ED2E76088}"
EndProject
Global
	GlobalSection(SolutionConfigurationPlatforms) = preSolution
		Debug|Any CPU = Debug|Any CPU
		Release|Any CPU = Release|Any CPU
	EndGlobalSection
	GlobalSection(ProjectConfigurationPlatforms) = postSolution
		{4EF0D7E4-7FC7-470B-995D-F75ED2E76088}.Debug|Any CPU.ActiveCfg = Debug|Any CPU
		{4EF0D7E4-7FC7-470B-995D-F75ED2E76088}.Debug|Any CPU.Build.0 = Debug|Any CPU
		{4EF0D7E4-7FC7-470B-995D-F75ED2E76088}.Release|Any CPU.ActiveCfg = Release|Any CPU
		{4EF0D7E4-7FC7-470B-995D-F75ED2E76088}.Release|Any CPU.Build.0 = Release|Any CPU
	EndGlobalSection
	GlobalSection(SolutionProperties) = preSolution
		HideSolutionNode = FALSE
	EndGlobalSection
	GlobalSection(ExtensibilityGlobals) = postSolution
		SolutionGuid = {F2988BA0-ED18-453E-9D9A-7877AFC664FE}
	EndGlobalSection
EndGlobal
